
Microsoft Visual Studio Solution File, Format Version 12.00
# Visual Studio Version 16
VisualStudioVersion = 16.0.31005.135
MinimumVisualStudioVersion = 10.0.40219.1
Project("{FAE04EC0-301F-11D3-BF4B-00C04F79EFBC}") = "EjemploApiRest.WebApi", "EjemploApiRest.WebApi\EjemploApiRest.WebApi.csproj", "{7D18E066-2867-4FF4-8634-151ACE295A76}"
EndProject
Project("{FAE04EC0-301F-11D3-BF4B-00C04F79EFBC}") = "EjemploApiRest.Application", "EjemploApiRest.Application\EjemploApiRest.Application.csproj", "{AD6E0AF7-472E-4D09-A52F-DBFD911E6B47}"
EndProject
Project("{FAE04EC0-301F-11D3-BF4B-00C04F79EFBC}") = "EjemploApiRest.Entities", "EjemploApiRest.Entities\EjemploApiRest.Entities.csproj", "{0826AE51-A6B2-476D-882A-B5277F867981}"
EndProject
Project("{FAE04EC0-301F-11D3-BF4B-00C04F79EFBC}") = "EjemploApiRest.DataAccess", "EjemploApiRest.DataAccess\EjemploApiRest.DataAccess.csproj", "{819DCFEA-883D-4B51-9C18-0D6AA2A48F78}"
EndProject
Project("{FAE04EC0-301F-11D3-BF4B-00C04F79EFBC}") = "EjemploApiRest.Repository", "EjemploApiRest.Repository\EjemploApiRest.Repository.csproj", "{B6BE7E8B-378B-4B6F-A85F-ACFDDA3C71F1}"
EndProject
Project("{FAE04EC0-301F-11D3-BF4B-00C04F79EFBC}") = "EjemploApiRest.Services", "EjemploApiRest.Services\EjemploApiRest.Services.csproj", "{343AB9DF-2A5E-4F43-8BF5-B0D2FFE5DD35}"
EndProject
Project("{FAE04EC0-301F-11D3-BF4B-00C04F79EFBC}") = "EjemploApiRest.Abstractions", "EjemploApiRest.WebApi.Abstractions\EjemploApiRest.Abstractions.csproj", "{55AC0FBB-6B30-4572-BFC8-6E08E1A7B311}"
EndProject
Global
	GlobalSection(SolutionConfigurationPlatforms) = preSolution
		Debug|Any CPU = Debug|Any CPU
		Release|Any CPU = Release|Any CPU
	EndGlobalSection
	GlobalSection(ProjectConfigurationPlatforms) = postSolution
		{7D18E066-2867-4FF4-8634-151ACE295A76}.Debug|Any CPU.ActiveCfg = Debug|Any CPU
		{7D18E066-2867-4FF4-8634-151ACE295A76}.Debug|Any CPU.Build.0 = Debug|Any CPU
		{7D18E066-2867-4FF4-8634-151ACE295A76}.Release|Any CPU.ActiveCfg = Release|Any CPU
		{7D18E066-2867-4FF4-8634-151ACE295A76}.Release|Any CPU.Build.0 = Release|Any CPU
		{AD6E0AF7-472E-4D09-A52F-DBFD911E6B47}.Debug|Any CPU.ActiveCfg = Debug|Any CPU
		{AD6E0AF7-472E-4D09-A52F-DBFD911E6B47}.Debug|Any CPU.Build.0 = Debug|Any CPU
		{AD6E0AF7-472E-4D09-A52F-DBFD911E6B47}.Release|Any CPU.ActiveCfg = Release|Any CPU
		{AD6E0AF7-472E-4D09-A52F-DBFD911E6B47}.Release|Any CPU.Build.0 = Release|Any CPU
		{0826AE51-A6B2-476D-882A-B5277F867981}.Debug|Any CPU.ActiveCfg = Debug|Any CPU
		{0826AE51-A6B2-476D-882A-B5277F867981}.Debug|Any CPU.Build.0 = Debug|Any CPU
		{0826AE51-A6B2-476D-882A-B5277F867981}.Release|Any CPU.ActiveCfg = Release|Any CPU
		{0826AE51-A6B2-476D-882A-B5277F867981}.Release|Any CPU.Build.0 = Release|Any CPU
		{819DCFEA-883D-4B51-9C18-0D6AA2A48F78}.Debug|Any CPU.ActiveCfg = Debug|Any CPU
		{819DCFEA-883D-4B51-9C18-0D6AA2A48F78}.Debug|Any CPU.Build.0 = Debug|Any CPU
		{819DCFEA-883D-4B51-9C18-0D6AA2A48F78}.Release|Any CPU.ActiveCfg = Release|Any CPU
		{819DCFEA-883D-4B51-9C18-0D6AA2A48F78}.Release|Any CPU.Build.0 = Release|Any CPU
		{B6BE7E8B-378B-4B6F-A85F-ACFDDA3C71F1}.Debug|Any CPU.ActiveCfg = Debug|Any CPU
		{B6BE7E8B-378B-4B6F-A85F-ACFDDA3C71F1}.Debug|Any CPU.Build.0 = Debug|Any CPU
		{B6BE7E8B-378B-4B6F-A85F-ACFDDA3C71F1}.Release|Any CPU.ActiveCfg = Release|Any CPU
		{B6BE7E8B-378B-4B6F-A85F-ACFDDA3C71F1}.Release|Any CPU.Build.0 = Release|Any CPU
		{343AB9DF-2A5E-4F43-8BF5-B0D2FFE5DD35}.Debug|Any CPU.ActiveCfg = Debug|Any CPU
		{343AB9DF-2A5E-4F43-8BF5-B0D2FFE5DD35}.Debug|Any CPU.Build.0 = Debug|Any CPU
		{343AB9DF-2A5E-4F43-8BF5-B0D2FFE5DD35}.Release|Any CPU.ActiveCfg = Release|Any CPU
		{343AB9DF-2A5E-4F43-8BF5-B0D2FFE5DD35}.Release|Any CPU.Build.0 = Release|Any CPU
		{55AC0FBB-6B30-4572-BFC8-6E08E1A7B311}.Debug|Any CPU.ActiveCfg = Debug|Any CPU
		{55AC0FBB-6B30-4572-BFC8-6E08E1A7B311}.Debug|Any CPU.Build.0 = Debug|Any CPU
		{55AC0FBB-6B30-4572-BFC8-6E08E1A7B311}.Release|Any CPU.ActiveCfg = Release|Any CPU
		{55AC0FBB-6B30-4572-BFC8-6E08E1A7B311}.Release|Any CPU.Build.0 = Release|Any CPU
	EndGlobalSection
	GlobalSection(SolutionProperties) = preSolution
		HideSolutionNode = FALSE
	EndGlobalSection
	GlobalSection(ExtensibilityGlobals) = postSolution
		SolutionGuid = {B7459E88-0C33-43BD-879B-5B6EE614E792}
	EndGlobalSection
EndGlobal
